
Microsoft Visual Studio Solution File, Format Version 12.00
# Visual Studio Version 17
VisualStudioVersion = 17.9.34622.214
MinimumVisualStudioVersion = 10.0.40219.1
Project("{FAE04EC0-301F-11D3-BF4B-00C04F79EFBC}") = "HelloWorld!!!", "HelloWorld!!!\HelloWorld!!!.csproj", "{AA6D406D-3E60-45FB-8AB3-1420B98C73C0}"
EndProject
Global
	GlobalSection(SolutionConfigurationPlatforms) = preSolution
		Debug|Any CPU = Debug|Any CPU
		Release|Any CPU = Release|Any CPU
	EndGlobalSection
	GlobalSection(ProjectConfigurationPlatforms) = postSolution
		{AA6D406D-3E60-45FB-8AB3-1420B98C73C0}.Debug|Any CPU.ActiveCfg = Debug|Any CPU
		{AA6D406D-3E60-45FB-8AB3-1420B98C73C0}.Debug|Any CPU.Build.0 = Debug|Any CPU
		{AA6D406D-3E60-45FB-8AB3-1420B98C73C0}.Release|Any CPU.ActiveCfg = Release|Any CPU
		{AA6D406D-3E60-45FB-8AB3-1420B98C73C0}.Release|Any CPU.Build.0 = Release|Any CPU
	EndGlobalSection
	GlobalSection(SolutionProperties) = preSolution
		HideSolutionNode = FALSE
	EndGlobalSection
	GlobalSection(ExtensibilityGlobals) = postSolution
		SolutionGuid = {0D44BFB0-190A-488A-A658-AA54FD304126}
	EndGlobalSection
EndGlobal
